// !$*UTF8*$!
{
	archiveVersion = 1;
	classes = {
	};
	objectVersion = 46;
	objects = {

/* Begin PBXBuildFile section */
		BC1C3DA01A3EF2C1B1E5DE56 /* Pods_SoccerShotTracker.framework in Frameworks */ = {isa = PBXBuildFile; fileRef = 363AB14B8B7ED98E38263E93 /* Pods_SoccerShotTracker.framework */; };
		C539F6921F1EB2CF00FDE5EF /* GoalPosts.png in Resources */ = {isa = PBXBuildFile; fileRef = C539F6911F1EB2CF00FDE5EF /* GoalPosts.png */; };
		C539F69E1F21219200FDE5EF /* Login.storyboard in Resources */ = {isa = PBXBuildFile; fileRef = C539F69D1F21219200FDE5EF /* Login.storyboard */; };
		C539F6A01F212AFB00FDE5EF /* GoogleService-Info.plist in Resources */ = {isa = PBXBuildFile; fileRef = C539F69F1F212AFB00FDE5EF /* GoogleService-Info.plist */; };
		C539F6A41F21314700FDE5EF /* LoginViewController.swift in Sources */ = {isa = PBXBuildFile; fileRef = C539F6A31F21314700FDE5EF /* LoginViewController.swift */; };
		C54DCEE71F21618100C6BDC2 /* User.swift in Sources */ = {isa = PBXBuildFile; fileRef = C54DCEE61F21618100C6BDC2 /* User.swift */; };
		C54DCEE91F216E8A00C6BDC2 /* CreateUsernameViewController.swift in Sources */ = {isa = PBXBuildFile; fileRef = C54DCEE81F216E8A00C6BDC2 /* CreateUsernameViewController.swift */; };
		C54DCEEC1F2186BD00C6BDC2 /* UserService.swift in Sources */ = {isa = PBXBuildFile; fileRef = C54DCEEB1F2186BD00C6BDC2 /* UserService.swift */; };
		C54DCEF01F22855C00C6BDC2 /* rectangleSoccerGoalPost.png in Resources */ = {isa = PBXBuildFile; fileRef = C54DCEEF1F22855C00C6BDC2 /* rectangleSoccerGoalPost.png */; };
		C54DCEF21F229D2A00C6BDC2 /* halfSoccerField.png in Resources */ = {isa = PBXBuildFile; fileRef = C54DCEF11F229D2A00C6BDC2 /* halfSoccerField.png */; };
		C54DCEF41F229EBA00C6BDC2 /* Shot.swift in Sources */ = {isa = PBXBuildFile; fileRef = C54DCEF31F229EBA00C6BDC2 /* Shot.swift */; };
		C55538971F1D619100BFC986 /* AppDelegate.swift in Sources */ = {isa = PBXBuildFile; fileRef = C55538961F1D619100BFC986 /* AppDelegate.swift */; };
		C55538991F1D619100BFC986 /* ViewController.swift in Sources */ = {isa = PBXBuildFile; fileRef = C55538981F1D619100BFC986 /* ViewController.swift */; };
		C555389C1F1D619100BFC986 /* Main.storyboard in Resources */ = {isa = PBXBuildFile; fileRef = C555389A1F1D619100BFC986 /* Main.storyboard */; };
		C555389E1F1D619100BFC986 /* Assets.xcassets in Resources */ = {isa = PBXBuildFile; fileRef = C555389D1F1D619100BFC986 /* Assets.xcassets */; };
		C55538A11F1D619100BFC986 /* LaunchScreen.storyboard in Resources */ = {isa = PBXBuildFile; fileRef = C555389F1F1D619100BFC986 /* LaunchScreen.storyboard */; };
		C55538AB1F1D777700BFC986 /* DistanceViewController.swift in Sources */ = {isa = PBXBuildFile; fileRef = C55538AA1F1D777700BFC986 /* DistanceViewController.swift */; };
		C55538AD1F1D77AC00BFC986 /* ShotLocationViewController.swift in Sources */ = {isa = PBXBuildFile; fileRef = C55538AC1F1D77AC00BFC986 /* ShotLocationViewController.swift */; };
		C55538AF1F1D77BB00BFC986 /* DataViewController.swift in Sources */ = {isa = PBXBuildFile; fileRef = C55538AE1F1D77BB00BFC986 /* DataViewController.swift */; };
		C5F6D05B1F27CAB3004F3B22 /* football.png in Resources */ = {isa = PBXBuildFile; fileRef = C5F6D05A1F27CAB2004F3B22 /* football.png */; };
		C5F6D05D1F281023004F3B22 /* Constants.swift in Sources */ = {isa = PBXBuildFile; fileRef = C5F6D05C1F281022004F3B22 /* Constants.swift */; };
		C5F6D05F1F28FF9B004F3B22 /* StorageService.swift in Sources */ = {isa = PBXBuildFile; fileRef = C5F6D05E1F28FF9B004F3B22 /* StorageService.swift */; };
		C5F6D0611F29161E004F3B22 /* ShotService.swift in Sources */ = {isa = PBXBuildFile; fileRef = C5F6D0601F29161E004F3B22 /* ShotService.swift */; };
		C5F6D0651F29711A004F3B22 /* mapstogpx20170727_005322.gpx in Resources */ = {isa = PBXBuildFile; fileRef = C5F6D0641F29711A004F3B22 /* mapstogpx20170727_005322.gpx */; };
/* End PBXBuildFile section */

/* Begin PBXFileReference section */
		363AB14B8B7ED98E38263E93 /* Pods_SoccerShotTracker.framework */ = {isa = PBXFileReference; explicitFileType = wrapper.framework; includeInIndex = 0; path = Pods_SoccerShotTracker.framework; sourceTree = BUILT_PRODUCTS_DIR; };
		59183E2C3C2D40DCA2F8AD4B /* Pods-SoccerShotTracker.debug.xcconfig */ = {isa = PBXFileReference; includeInIndex = 1; lastKnownFileType = text.xcconfig; name = "Pods-SoccerShotTracker.debug.xcconfig"; path = "Pods/Target Support Files/Pods-SoccerShotTracker/Pods-SoccerShotTracker.debug.xcconfig"; sourceTree = "<group>"; };
		C539F6911F1EB2CF00FDE5EF /* GoalPosts.png */ = {isa = PBXFileReference; lastKnownFileType = image.png; name = GoalPosts.png; path = ../../../../Downloads/GoalPosts.png; sourceTree = "<group>"; };
		C539F69D1F21219200FDE5EF /* Login.storyboard */ = {isa = PBXFileReference; fileEncoding = 4; lastKnownFileType = file.storyboard; path = Login.storyboard; sourceTree = "<group>"; };
		C539F69F1F212AFB00FDE5EF /* GoogleService-Info.plist */ = {isa = PBXFileReference; fileEncoding = 4; lastKnownFileType = text.plist.xml; name = "GoogleService-Info.plist"; path = "../../../../Downloads/GoogleService-Info.plist"; sourceTree = "<group>"; };
		C539F6A31F21314700FDE5EF /* LoginViewController.swift */ = {isa = PBXFileReference; fileEncoding = 4; lastKnownFileType = sourcecode.swift; path = LoginViewController.swift; sourceTree = "<group>"; };
		C54DCEE61F21618100C6BDC2 /* User.swift */ = {isa = PBXFileReference; fileEncoding = 4; lastKnownFileType = sourcecode.swift; path = User.swift; sourceTree = "<group>"; };
		C54DCEE81F216E8A00C6BDC2 /* CreateUsernameViewController.swift */ = {isa = PBXFileReference; fileEncoding = 4; lastKnownFileType = sourcecode.swift; path = CreateUsernameViewController.swift; sourceTree = "<group>"; };
		C54DCEEB1F2186BD00C6BDC2 /* UserService.swift */ = {isa = PBXFileReference; fileEncoding = 4; lastKnownFileType = sourcecode.swift; path = UserService.swift; sourceTree = "<group>"; };
		C54DCEEF1F22855C00C6BDC2 /* rectangleSoccerGoalPost.png */ = {isa = PBXFileReference; lastKnownFileType = image.png; name = rectangleSoccerGoalPost.png; path = ../../../../Downloads/rectangleSoccerGoalPost.png; sourceTree = "<group>"; };
		C54DCEF11F229D2A00C6BDC2 /* halfSoccerField.png */ = {isa = PBXFileReference; lastKnownFileType = image.png; name = halfSoccerField.png; path = ../../../../Downloads/halfSoccerField.png; sourceTree = "<group>"; };
		C54DCEF31F229EBA00C6BDC2 /* Shot.swift */ = {isa = PBXFileReference; fileEncoding = 4; lastKnownFileType = sourcecode.swift; path = Shot.swift; sourceTree = "<group>"; };
		C55538931F1D619100BFC986 /* SoccerShotTracker.app */ = {isa = PBXFileReference; explicitFileType = wrapper.application; includeInIndex = 0; path = SoccerShotTracker.app; sourceTree = BUILT_PRODUCTS_DIR; };
		C55538961F1D619100BFC986 /* AppDelegate.swift */ = {isa = PBXFileReference; lastKnownFileType = sourcecode.swift; path = AppDelegate.swift; sourceTree = "<group>"; };
		C55538981F1D619100BFC986 /* ViewController.swift */ = {isa = PBXFileReference; lastKnownFileType = sourcecode.swift; path = ViewController.swift; sourceTree = "<group>"; };
		C555389B1F1D619100BFC986 /* Base */ = {isa = PBXFileReference; lastKnownFileType = file.storyboard; name = Base; path = Base.lproj/Main.storyboard; sourceTree = "<group>"; };
		C555389D1F1D619100BFC986 /* Assets.xcassets */ = {isa = PBXFileReference; lastKnownFileType = folder.assetcatalog; path = Assets.xcassets; sourceTree = "<group>"; };
		C55538A01F1D619100BFC986 /* Base */ = {isa = PBXFileReference; lastKnownFileType = file.storyboard; name = Base; path = Base.lproj/LaunchScreen.storyboard; sourceTree = "<group>"; };
		C55538A21F1D619100BFC986 /* Info.plist */ = {isa = PBXFileReference; lastKnownFileType = text.plist.xml; path = Info.plist; sourceTree = "<group>"; };
		C55538AA1F1D777700BFC986 /* DistanceViewController.swift */ = {isa = PBXFileReference; fileEncoding = 4; lastKnownFileType = sourcecode.swift; path = DistanceViewController.swift; sourceTree = "<group>"; };
		C55538AC1F1D77AC00BFC986 /* ShotLocationViewController.swift */ = {isa = PBXFileReference; fileEncoding = 4; lastKnownFileType = sourcecode.swift; path = ShotLocationViewController.swift; sourceTree = "<group>"; };
		C55538AE1F1D77BB00BFC986 /* DataViewController.swift */ = {isa = PBXFileReference; fileEncoding = 4; lastKnownFileType = sourcecode.swift; path = DataViewController.swift; sourceTree = "<group>"; };
		C5F6D05A1F27CAB2004F3B22 /* football.png */ = {isa = PBXFileReference; lastKnownFileType = image.png; name = football.png; path = ../../../../Downloads/football.png; sourceTree = "<group>"; };
		C5F6D05C1F281022004F3B22 /* Constants.swift */ = {isa = PBXFileReference; fileEncoding = 4; lastKnownFileType = sourcecode.swift; path = Constants.swift; sourceTree = "<group>"; };
		C5F6D05E1F28FF9B004F3B22 /* StorageService.swift */ = {isa = PBXFileReference; fileEncoding = 4; lastKnownFileType = sourcecode.swift; path = StorageService.swift; sourceTree = "<group>"; };
		C5F6D0601F29161E004F3B22 /* ShotService.swift */ = {isa = PBXFileReference; fileEncoding = 4; lastKnownFileType = sourcecode.swift; path = ShotService.swift; sourceTree = "<group>"; };
		C5F6D0641F29711A004F3B22 /* mapstogpx20170727_005322.gpx */ = {isa = PBXFileReference; fileEncoding = 4; lastKnownFileType = text.xml; name = mapstogpx20170727_005322.gpx; path = ../../../../Downloads/mapstogpx20170727_005322.gpx; sourceTree = "<group>"; };
		D057F41588552B4F19463E70 /* Pods-SoccerShotTracker.release.xcconfig */ = {isa = PBXFileReference; includeInIndex = 1; lastKnownFileType = text.xcconfig; name = "Pods-SoccerShotTracker.release.xcconfig"; path = "Pods/Target Support Files/Pods-SoccerShotTracker/Pods-SoccerShotTracker.release.xcconfig"; sourceTree = "<group>"; };
/* End PBXFileReference section */

/* Begin PBXFrameworksBuildPhase section */
		C55538901F1D619100BFC986 /* Frameworks */ = {
			isa = PBXFrameworksBuildPhase;
			buildActionMask = 2147483647;
			files = (
				BC1C3DA01A3EF2C1B1E5DE56 /* Pods_SoccerShotTracker.framework in Frameworks */,
			);
			runOnlyForDeploymentPostprocessing = 0;
		};
/* End PBXFrameworksBuildPhase section */

/* Begin PBXGroup section */
		C54DCEEA1F21869400C6BDC2 /* Services */ = {
			isa = PBXGroup;
			children = (
				C54DCEEB1F2186BD00C6BDC2 /* UserService.swift */,
				C5F6D05E1F28FF9B004F3B22 /* StorageService.swift */,
				C5F6D0601F29161E004F3B22 /* ShotService.swift */,
			);
			name = Services;
			sourceTree = "<group>";
		};
		C555388A1F1D619000BFC986 = {
			isa = PBXGroup;
			children = (
				C55538951F1D619100BFC986 /* SoccerShotTracker */,
				C55538941F1D619100BFC986 /* Products */,
				C694C023B1E1BB8D502AEF6E /* Pods */,
				D4A5EE5982927932AAB0A048 /* Frameworks */,
			);
			sourceTree = "<group>";
		};
		C55538941F1D619100BFC986 /* Products */ = {
			isa = PBXGroup;
			children = (
				C55538931F1D619100BFC986 /* SoccerShotTracker.app */,
			);
			name = Products;
			sourceTree = "<group>";
		};
		C55538951F1D619100BFC986 /* SoccerShotTracker */ = {
			isa = PBXGroup;
			children = (
				C5F6D0641F29711A004F3B22 /* mapstogpx20170727_005322.gpx */,
				C5F6D05A1F27CAB2004F3B22 /* football.png */,
				C54DCEF11F229D2A00C6BDC2 /* halfSoccerField.png */,
				C54DCEEF1F22855C00C6BDC2 /* rectangleSoccerGoalPost.png */,
				C539F6911F1EB2CF00FDE5EF /* GoalPosts.png */,
				C55538B11F1D7B7D00BFC986 /* Model */,
				C55538A91F1D76EC00BFC986 /* ViewController */,
				C54DCEEA1F21869400C6BDC2 /* Services */,
				C55538A81F1D76A600BFC986 /* Storyboard */,
				C55538961F1D619100BFC986 /* AppDelegate.swift */,
				C55538981F1D619100BFC986 /* ViewController.swift */,
				C555389D1F1D619100BFC986 /* Assets.xcassets */,
				C55538A21F1D619100BFC986 /* Info.plist */,
				C539F69F1F212AFB00FDE5EF /* GoogleService-Info.plist */,
				C5F6D05C1F281022004F3B22 /* Constants.swift */,
			);
			path = SoccerShotTracker;
			sourceTree = "<group>";
		};
		C55538A81F1D76A600BFC986 /* Storyboard */ = {
			isa = PBXGroup;
			children = (
				C555389A1F1D619100BFC986 /* Main.storyboard */,
				C555389F1F1D619100BFC986 /* LaunchScreen.storyboard */,
				C539F69D1F21219200FDE5EF /* Login.storyboard */,
			);
			name = Storyboard;
			sourceTree = "<group>";
		};
		C55538A91F1D76EC00BFC986 /* ViewController */ = {
			isa = PBXGroup;
			children = (
				C55538AA1F1D777700BFC986 /* DistanceViewController.swift */,
				C55538AC1F1D77AC00BFC986 /* ShotLocationViewController.swift */,
				C55538AE1F1D77BB00BFC986 /* DataViewController.swift */,
				C539F6A31F21314700FDE5EF /* LoginViewController.swift */,
				C54DCEE81F216E8A00C6BDC2 /* CreateUsernameViewController.swift */,
			);
			name = ViewController;
			sourceTree = "<group>";
		};
		C55538B11F1D7B7D00BFC986 /* Model */ = {
			isa = PBXGroup;
			children = (
				C54DCEE61F21618100C6BDC2 /* User.swift */,
				C54DCEF31F229EBA00C6BDC2 /* Shot.swift */,
			);
			name = Model;
			sourceTree = "<group>";
		};
		C694C023B1E1BB8D502AEF6E /* Pods */ = {
			isa = PBXGroup;
			children = (
				59183E2C3C2D40DCA2F8AD4B /* Pods-SoccerShotTracker.debug.xcconfig */,
				D057F41588552B4F19463E70 /* Pods-SoccerShotTracker.release.xcconfig */,
			);
			name = Pods;
			sourceTree = "<group>";
		};
		D4A5EE5982927932AAB0A048 /* Frameworks */ = {
			isa = PBXGroup;
			children = (
				363AB14B8B7ED98E38263E93 /* Pods_SoccerShotTracker.framework */,
			);
			name = Frameworks;
			sourceTree = "<group>";
		};
/* End PBXGroup section */

/* Begin PBXNativeTarget section */
		C55538921F1D619100BFC986 /* SoccerShotTracker */ = {
			isa = PBXNativeTarget;
			buildConfigurationList = C55538A51F1D619100BFC986 /* Build configuration list for PBXNativeTarget "SoccerShotTracker" */;
			buildPhases = (
				8756F38DF796A9F9AF293D12 /* [CP] Check Pods Manifest.lock */,
				C555388F1F1D619100BFC986 /* Sources */,
				C55538901F1D619100BFC986 /* Frameworks */,
				C55538911F1D619100BFC986 /* Resources */,
				FD437D662370AAE01C73E34E /* [CP] Embed Pods Frameworks */,
				B5205D0AB37263B186B15663 /* [CP] Copy Pods Resources */,
			);
			buildRules = (
			);
			dependencies = (
			);
			name = SoccerShotTracker;
			productName = SoccerShotTracker;
			productReference = C55538931F1D619100BFC986 /* SoccerShotTracker.app */;
			productType = "com.apple.product-type.application";
		};
/* End PBXNativeTarget section */

/* Begin PBXProject section */
		C555388B1F1D619000BFC986 /* Project object */ = {
			isa = PBXProject;
			attributes = {
				LastSwiftUpdateCheck = 0830;
				LastUpgradeCheck = 0830;
				ORGANIZATIONNAME = MBH;
				TargetAttributes = {
					C55538921F1D619100BFC986 = {
						CreatedOnToolsVersion = 8.3.3;
						DevelopmentTeam = SZN6BLT893;
						ProvisioningStyle = Automatic;
					};
				};
			};
			buildConfigurationList = C555388E1F1D619000BFC986 /* Build configuration list for PBXProject "SoccerShotTracker" */;
			compatibilityVersion = "Xcode 3.2";
			developmentRegion = English;
			hasScannedForEncodings = 0;
			knownRegions = (
				en,
				Base,
			);
			mainGroup = C555388A1F1D619000BFC986;
			productRefGroup = C55538941F1D619100BFC986 /* Products */;
			projectDirPath = "";
			projectRoot = "";
			targets = (
				C55538921F1D619100BFC986 /* SoccerShotTracker */,
			);
		};
/* End PBXProject section */

/* Begin PBXResourcesBuildPhase section */
		C55538911F1D619100BFC986 /* Resources */ = {
			isa = PBXResourcesBuildPhase;
			buildActionMask = 2147483647;
			files = (
				C539F6921F1EB2CF00FDE5EF /* GoalPosts.png in Resources */,
				C55538A11F1D619100BFC986 /* LaunchScreen.storyboard in Resources */,
				C54DCEF01F22855C00C6BDC2 /* rectangleSoccerGoalPost.png in Resources */,
				C5F6D05B1F27CAB3004F3B22 /* football.png in Resources */,
				C555389E1F1D619100BFC986 /* Assets.xcassets in Resources */,
				C54DCEF21F229D2A00C6BDC2 /* halfSoccerField.png in Resources */,
				C539F69E1F21219200FDE5EF /* Login.storyboard in Resources */,
				C5F6D0651F29711A004F3B22 /* mapstogpx20170727_005322.gpx in Resources */,
				C555389C1F1D619100BFC986 /* Main.storyboard in Resources */,
				C539F6A01F212AFB00FDE5EF /* GoogleService-Info.plist in Resources */,
			);
			runOnlyForDeploymentPostprocessing = 0;
		};
/* End PBXResourcesBuildPhase section */

/* Begin PBXShellScriptBuildPhase section */
		8756F38DF796A9F9AF293D12 /* [CP] Check Pods Manifest.lock */ = {
			isa = PBXShellScriptBuildPhase;
			buildActionMask = 2147483647;
			files = (
			);
			inputPaths = (
			);
			name = "[CP] Check Pods Manifest.lock";
			outputPaths = (
			);
			runOnlyForDeploymentPostprocessing = 0;
			shellPath = /bin/sh;
			shellScript = "diff \"${PODS_PODFILE_DIR_PATH}/Podfile.lock\" \"${PODS_ROOT}/Manifest.lock\" > /dev/null\nif [ $? != 0 ] ; then\n    # print error to STDERR\n    echo \"error: The sandbox is not in sync with the Podfile.lock. Run 'pod install' or update your CocoaPods installation.\" >&2\n    exit 1\nfi\n";
			showEnvVarsInLog = 0;
		};
		B5205D0AB37263B186B15663 /* [CP] Copy Pods Resources */ = {
			isa = PBXShellScriptBuildPhase;
			buildActionMask = 2147483647;
			files = (
			);
			inputPaths = (
			);
			name = "[CP] Copy Pods Resources";
			outputPaths = (
			);
			runOnlyForDeploymentPostprocessing = 0;
			shellPath = /bin/sh;
			shellScript = "\"${SRCROOT}/Pods/Target Support Files/Pods-SoccerShotTracker/Pods-SoccerShotTracker-resources.sh\"\n";
			showEnvVarsInLog = 0;
		};
		FD437D662370AAE01C73E34E /* [CP] Embed Pods Frameworks */ = {
			isa = PBXShellScriptBuildPhase;
			buildActionMask = 2147483647;
			files = (
			);
			inputPaths = (
			);
			name = "[CP] Embed Pods Frameworks";
			outputPaths = (
			);
			runOnlyForDeploymentPostprocessing = 0;
			shellPath = /bin/sh;
			shellScript = "\"${SRCROOT}/Pods/Target Support Files/Pods-SoccerShotTracker/Pods-SoccerShotTracker-frameworks.sh\"\n";
			showEnvVarsInLog = 0;
		};
/* End PBXShellScriptBuildPhase section */

/* Begin PBXSourcesBuildPhase section */
		C555388F1F1D619100BFC986 /* Sources */ = {
			isa = PBXSourcesBuildPhase;
			buildActionMask = 2147483647;
			files = (
				C5F6D0611F29161E004F3B22 /* ShotService.swift in Sources */,
				C54DCEE91F216E8A00C6BDC2 /* CreateUsernameViewController.swift in Sources */,
				C5F6D05F1F28FF9B004F3B22 /* StorageService.swift in Sources */,
				C5F6D05D1F281023004F3B22 /* Constants.swift in Sources */,
				C539F6A41F21314700FDE5EF /* LoginViewController.swift in Sources */,
				C54DCEEC1F2186BD00C6BDC2 /* UserService.swift in Sources */,
				C54DCEF41F229EBA00C6BDC2 /* Shot.swift in Sources */,
				C55538991F1D619100BFC986 /* ViewController.swift in Sources */,
				C55538971F1D619100BFC986 /* AppDelegate.swift in Sources */,
				C55538AF1F1D77BB00BFC986 /* DataViewController.swift in Sources */,
				C55538AD1F1D77AC00BFC986 /* ShotLocationViewController.swift in Sources */,
				C55538AB1F1D777700BFC986 /* DistanceViewController.swift in Sources */,
				C54DCEE71F21618100C6BDC2 /* User.swift in Sources */,
			);
			runOnlyForDeploymentPostprocessing = 0;
		};
/* End PBXSourcesBuildPhase section */

/* Begin PBXVariantGroup section */
		C555389A1F1D619100BFC986 /* Main.storyboard */ = {
			isa = PBXVariantGroup;
			children = (
				C555389B1F1D619100BFC986 /* Base */,
			);
			name = Main.storyboard;
			sourceTree = "<group>";
		};
		C555389F1F1D619100BFC986 /* LaunchScreen.storyboard */ = {
			isa = PBXVariantGroup;
			children = (
				C55538A01F1D619100BFC986 /* Base */,
			);
			name = LaunchScreen.storyboard;
			sourceTree = "<group>";
		};
/* End PBXVariantGroup section */

/* Begin XCBuildConfiguration section */
		C55538A31F1D619100BFC986 /* Debug */ = {
			isa = XCBuildConfiguration;
			buildSettings = {
				ALWAYS_SEARCH_USER_PATHS = NO;
				CLANG_ANALYZER_NONNULL = YES;
				CLANG_ANALYZER_NUMBER_OBJECT_CONVERSION = YES_AGGRESSIVE;
				CLANG_CXX_LANGUAGE_STANDARD = "gnu++0x";
				CLANG_CXX_LIBRARY = "libc++";
				CLANG_ENABLE_MODULES = YES;
				CLANG_ENABLE_OBJC_ARC = YES;
				CLANG_WARN_BOOL_CONVERSION = YES;
				CLANG_WARN_CONSTANT_CONVERSION = YES;
				CLANG_WARN_DIRECT_OBJC_ISA_USAGE = YES_ERROR;
				CLANG_WARN_DOCUMENTATION_COMMENTS = YES;
				CLANG_WARN_EMPTY_BODY = YES;
				CLANG_WARN_ENUM_CONVERSION = YES;
				CLANG_WARN_INFINITE_RECURSION = YES;
				CLANG_WARN_INT_CONVERSION = YES;
				CLANG_WARN_OBJC_ROOT_CLASS = YES_ERROR;
				CLANG_WARN_SUSPICIOUS_MOVE = YES;
				CLANG_WARN_UNREACHABLE_CODE = YES;
				CLANG_WARN__DUPLICATE_METHOD_MATCH = YES;
				"CODE_SIGN_IDENTITY[sdk=iphoneos*]" = "iPhone Developer";
				COPY_PHASE_STRIP = NO;
				DEBUG_INFORMATION_FORMAT = dwarf;
				ENABLE_STRICT_OBJC_MSGSEND = YES;
				ENABLE_TESTABILITY = YES;
				GCC_C_LANGUAGE_STANDARD = gnu99;
				GCC_DYNAMIC_NO_PIC = NO;
				GCC_NO_COMMON_BLOCKS = YES;
				GCC_OPTIMIZATION_LEVEL = 0;
				GCC_PREPROCESSOR_DEFINITIONS = (
					"DEBUG=1",
					"$(inherited)",
				);
				GCC_WARN_64_TO_32_BIT_CONVERSION = YES;
				GCC_WARN_ABOUT_RETURN_TYPE = YES_ERROR;
				GCC_WARN_UNDECLARED_SELECTOR = YES;
				GCC_WARN_UNINITIALIZED_AUTOS = YES_AGGRESSIVE;
				GCC_WARN_UNUSED_FUNCTION = YES;
				GCC_WARN_UNUSED_VARIABLE = YES;
				IPHONEOS_DEPLOYMENT_TARGET = 10.3;
				MTL_ENABLE_DEBUG_INFO = YES;
				ONLY_ACTIVE_ARCH = YES;
				SDKROOT = iphoneos;
				SWIFT_ACTIVE_COMPILATION_CONDITIONS = DEBUG;
				SWIFT_OPTIMIZATION_LEVEL = "-Onone";
			};
			name = Debug;
		};
		C55538A41F1D619100BFC986 /* Release */ = {
			isa = XCBuildConfiguration;
			buildSettings = {
				ALWAYS_SEARCH_USER_PATHS = NO;
				CLANG_ANALYZER_NONNULL = YES;
				CLANG_ANALYZER_NUMBER_OBJECT_CONVERSION = YES_AGGRESSIVE;
				CLANG_CXX_LANGUAGE_STANDARD = "gnu++0x";
				CLANG_CXX_LIBRARY = "libc++";
				CLANG_ENABLE_MODULES = YES;
				CLANG_ENABLE_OBJC_ARC = YES;
				CLANG_WARN_BOOL_CONVERSION = YES;
				CLANG_WARN_CONSTANT_CONVERSION = YES;
				CLANG_WARN_DIRECT_OBJC_ISA_USAGE = YES_ERROR;
				CLANG_WARN_DOCUMENTATION_COMMENTS = YES;
				CLANG_WARN_EMPTY_BODY = YES;
				CLANG_WARN_ENUM_CONVERSION = YES;
				CLANG_WARN_INFINITE_RECURSION = YES;
				CLANG_WARN_INT_CONVERSION = YES;
				CLANG_WARN_OBJC_ROOT_CLASS = YES_ERROR;
				CLANG_WARN_SUSPICIOUS_MOVE = YES;
				CLANG_WARN_UNREACHABLE_CODE = YES;
				CLANG_WARN__DUPLICATE_METHOD_MATCH = YES;
				"CODE_SIGN_IDENTITY[sdk=iphoneos*]" = "iPhone Developer";
				COPY_PHASE_STRIP = NO;
				DEBUG_INFORMATION_FORMAT = "dwarf-with-dsym";
				ENABLE_NS_ASSERTIONS = NO;
				ENABLE_STRICT_OBJC_MSGSEND = YES;
				GCC_C_LANGUAGE_STANDARD = gnu99;
				GCC_NO_COMMON_BLOCKS = YES;
				GCC_WARN_64_TO_32_BIT_CONVERSION = YES;
				GCC_WARN_ABOUT_RETURN_TYPE = YES_ERROR;
				GCC_WARN_UNDECLARED_SELECTOR = YES;
				GCC_WARN_UNINITIALIZED_AUTOS = YES_AGGRESSIVE;
				GCC_WARN_UNUSED_FUNCTION = YES;
				GCC_WARN_UNUSED_VARIABLE = YES;
				IPHONEOS_DEPLOYMENT_TARGET = 10.3;
				MTL_ENABLE_DEBUG_INFO = NO;
				SDKROOT = iphoneos;
				SWIFT_OPTIMIZATION_LEVEL = "-Owholemodule";
				VALIDATE_PRODUCT = YES;
			};
			name = Release;
		};
		C55538A61F1D619100BFC986 /* Debug */ = {
			isa = XCBuildConfiguration;
			baseConfigurationReference = 59183E2C3C2D40DCA2F8AD4B /* Pods-SoccerShotTracker.debug.xcconfig */;
			buildSettings = {
				ASSETCATALOG_COMPILER_APPICON_NAME = AppIcon;
				DEVELOPMENT_TEAM = SZN6BLT893;
				INFOPLIST_FILE = SoccerShotTracker/Info.plist;
				LD_RUNPATH_SEARCH_PATHS = "$(inherited) @executable_path/Frameworks";
				PRODUCT_BUNDLE_IDENTIFIER = com.makeschool.mbh.SoccerShotTracker;
				PRODUCT_NAME = "$(TARGET_NAME)";
				SWIFT_VERSION = 3.0;
			};
			name = Debug;
		};
		C55538A71F1D619100BFC986 /* Release */ = {
			isa = XCBuildConfiguration;
			baseConfigurationReference = D057F41588552B4F19463E70 /* Pods-SoccerShotTracker.release.xcconfig */;
			buildSettings = {
				ASSETCATALOG_COMPILER_APPICON_NAME = AppIcon;
				DEVELOPMENT_TEAM = SZN6BLT893;
				INFOPLIST_FILE = SoccerShotTracker/Info.plist;
				LD_RUNPATH_SEARCH_PATHS = "$(inherited) @executable_path/Frameworks";
				PRODUCT_BUNDLE_IDENTIFIER = com.makeschool.mbh.SoccerShotTracker;
				PRODUCT_NAME = "$(TARGET_NAME)";
				SWIFT_VERSION = 3.0;
			};
			name = Release;
		};
/* End XCBuildConfiguration section */

/* Begin XCConfigurationList section */
		C555388E1F1D619000BFC986 /* Build configuration list for PBXProject "SoccerShotTracker" */ = {
			isa = XCConfigurationList;
			buildConfigurations = (
				C55538A31F1D619100BFC986 /* Debug */,
				C55538A41F1D619100BFC986 /* Release */,
			);
			defaultConfigurationIsVisible = 0;
			defaultConfigurationName = Release;
		};
		C55538A51F1D619100BFC986 /* Build configuration list for PBXNativeTarget "SoccerShotTracker" */ = {
			isa = XCConfigurationList;
			buildConfigurations = (
				C55538A61F1D619100BFC986 /* Debug */,
				C55538A71F1D619100BFC986 /* Release */,
			);
			defaultConfigurationIsVisible = 0;
			defaultConfigurationName = Release;
		};
/* End XCConfigurationList section */
	};
	rootObject = C555388B1F1D619000BFC986 /* Project object */;
}
